
Microsoft Visual Studio Solution File, Format Version 11.00
# Visual Studio 2010
Project("{FAE04EC0-301F-11D3-BF4B-00C04F79EFBC}") = "Filemonkey.Picasso", "Filemonkey_MPF\Filemonkey.Picasso.csproj", "{BBAB9167-F7F4-46C7-A51B-3456B603DA17}"
EndProject
Project("{FAE04EC0-301F-11D3-BF4B-00C04F79EFBC}") = "Filemonkey.Pandora", "Filemonkey.Pandora\Filemonkey.Pandora.csproj", "{11D9E9C8-4BAF-4D06-9504-E2BE573F248A}"
EndProject
Global
	GlobalSection(SolutionConfigurationPlatforms) = preSolution
		Debug|Any CPU = Debug|Any CPU
		Debug|Mixed Platforms = Debug|Mixed Platforms
		Debug|x86 = Debug|x86
		Release|Any CPU = Release|Any CPU
		Release|Mixed Platforms = Release|Mixed Platforms
		Release|x86 = Release|x86
	EndGlobalSection
	GlobalSection(ProjectConfigurationPlatforms) = postSolution
		{BBAB9167-F7F4-46C7-A51B-3456B603DA17}.Debug|Any CPU.ActiveCfg = Debug|x86
		{BBAB9167-F7F4-46C7-A51B-3456B603DA17}.Debug|Mixed Platforms.ActiveCfg = Debug|x86
		{BBAB9167-F7F4-46C7-A51B-3456B603DA17}.Debug|Mixed Platforms.Build.0 = Debug|x86
		{BBAB9167-F7F4-46C7-A51B-3456B603DA17}.Debug|x86.ActiveCfg = Debug|x86
		{BBAB9167-F7F4-46C7-A51B-3456B603DA17}.Debug|x86.Build.0 = Debug|x86
		{BBAB9167-F7F4-46C7-A51B-3456B603DA17}.Release|Any CPU.ActiveCfg = Release|x86
		{BBAB9167-F7F4-46C7-A51B-3456B603DA17}.Release|Mixed Platforms.ActiveCfg = Release|x86
		{BBAB9167-F7F4-46C7-A51B-3456B603DA17}.Release|Mixed Platforms.Build.0 = Release|x86
		{BBAB9167-F7F4-46C7-A51B-3456B603DA17}.Release|x86.ActiveCfg = Release|x86
		{BBAB9167-F7F4-46C7-A51B-3456B603DA17}.Release|x86.Build.0 = Release|x86
		{11D9E9C8-4BAF-4D06-9504-E2BE573F248A}.Debug|Any CPU.ActiveCfg = Debug|Any CPU
		{11D9E9C8-4BAF-4D06-9504-E2BE573F248A}.Debug|Any CPU.Build.0 = Debug|Any CPU
		{11D9E9C8-4BAF-4D06-9504-E2BE573F248A}.Debug|Mixed Platforms.ActiveCfg = Debug|Any CPU
		{11D9E9C8-4BAF-4D06-9504-E2BE573F248A}.Debug|Mixed Platforms.Build.0 = Debug|Any CPU
		{11D9E9C8-4BAF-4D06-9504-E2BE573F248A}.Debug|x86.ActiveCfg = Debug|Any CPU
		{11D9E9C8-4BAF-4D06-9504-E2BE573F248A}.Release|Any CPU.ActiveCfg = Release|Any CPU
		{11D9E9C8-4BAF-4D06-9504-E2BE573F248A}.Release|Any CPU.Build.0 = Release|Any CPU
		{11D9E9C8-4BAF-4D06-9504-E2BE573F248A}.Release|Mixed Platforms.ActiveCfg = Release|Any CPU
		{11D9E9C8-4BAF-4D06-9504-E2BE573F248A}.Release|Mixed Platforms.Build.0 = Release|Any CPU
		{11D9E9C8-4BAF-4D06-9504-E2BE573F248A}.Release|x86.ActiveCfg = Release|Any CPU
	EndGlobalSection
	GlobalSection(SolutionProperties) = preSolution
		HideSolutionNode = FALSE
	EndGlobalSection
EndGlobal
